// !$*UTF8*$!
{
	archiveVersion = 1;
	classes = {
	};
	objectVersion = 48;
	objects = {

/* Begin PBXBuildFile section */
		D02F195D1FA372720025B315 /* AppDelegate.swift in Sources */ = {isa = PBXBuildFile; fileRef = D02F195C1FA372720025B315 /* AppDelegate.swift */; };
		D02F195F1FA372720025B315 /* ViewController.swift in Sources */ = {isa = PBXBuildFile; fileRef = D02F195E1FA372720025B315 /* ViewController.swift */; };
		D02F19621FA372720025B315 /* Main.storyboard in Resources */ = {isa = PBXBuildFile; fileRef = D02F19601FA372720025B315 /* Main.storyboard */; };
		D02F19641FA372720025B315 /* Assets.xcassets in Resources */ = {isa = PBXBuildFile; fileRef = D02F19631FA372720025B315 /* Assets.xcassets */; };
		D02F19671FA372720025B315 /* LaunchScreen.storyboard in Resources */ = {isa = PBXBuildFile; fileRef = D02F19651FA372720025B315 /* LaunchScreen.storyboard */; };
		D02F19701FA372B60025B315 /* Usuario.swift in Sources */ = {isa = PBXBuildFile; fileRef = D02F196F1FA372B60025B315 /* Usuario.swift */; };
/* End PBXBuildFile section */

/* Begin PBXFileReference section */
		D02F19591FA372720025B315 /* postjazzy.app */ = {isa = PBXFileReference; explicitFileType = wrapper.application; includeInIndex = 0; path = postjazzy.app; sourceTree = BUILT_PRODUCTS_DIR; };
		D02F195C1FA372720025B315 /* AppDelegate.swift */ = {isa = PBXFileReference; lastKnownFileType = sourcecode.swift; path = AppDelegate.swift; sourceTree = "<group>"; };
		D02F195E1FA372720025B315 /* ViewController.swift */ = {isa = PBXFileReference; lastKnownFileType = sourcecode.swift; path = ViewController.swift; sourceTree = "<group>"; };
		D02F19611FA372720025B315 /* Base */ = {isa = PBXFileReference; lastKnownFileType = file.storyboard; name = Base; path = Base.lproj/Main.storyboard; sourceTree = "<group>"; };
		D02F19631FA372720025B315 /* Assets.xcassets */ = {isa = PBXFileReference; lastKnownFileType = folder.assetcatalog; path = Assets.xcassets; sourceTree = "<group>"; };
		D02F19661FA372720025B315 /* Base */ = {isa = PBXFileReference; lastKnownFileType = file.storyboard; name = Base; path = Base.lproj/LaunchScreen.storyboard; sourceTree = "<group>"; };
		D02F19681FA372720025B315 /* Info.plist */ = {isa = PBXFileReference; lastKnownFileType = text.plist.xml; path = Info.plist; sourceTree = "<group>"; };
		D02F196F1FA372B60025B315 /* Usuario.swift */ = {isa = PBXFileReference; lastKnownFileType = sourcecode.swift; path = Usuario.swift; sourceTree = "<group>"; };
/* End PBXFileReference section */

/* Begin PBXFrameworksBuildPhase section */
		D02F19561FA372720025B315 /* Frameworks */ = {
			isa = PBXFrameworksBuildPhase;
			buildActionMask = 2147483647;
			files = (
			);
			runOnlyForDeploymentPostprocessing = 0;
		};
/* End PBXFrameworksBuildPhase section */

/* Begin PBXGroup section */
		D02F19501FA372720025B315 = {
			isa = PBXGroup;
			children = (
				D02F195B1FA372720025B315 /* postjazzy */,
				D02F195A1FA372720025B315 /* Products */,
			);
			sourceTree = "<group>";
		};
		D02F195A1FA372720025B315 /* Products */ = {
			isa = PBXGroup;
			children = (
				D02F19591FA372720025B315 /* postjazzy.app */,
			);
			name = Products;
			sourceTree = "<group>";
		};
		D02F195B1FA372720025B315 /* postjazzy */ = {
			isa = PBXGroup;
			children = (
				D02F196E1FA372A10025B315 /* Models */,
				D02F195C1FA372720025B315 /* AppDelegate.swift */,
				D02F195E1FA372720025B315 /* ViewController.swift */,
				D02F19601FA372720025B315 /* Main.storyboard */,
				D02F19631FA372720025B315 /* Assets.xcassets */,
				D02F19651FA372720025B315 /* LaunchScreen.storyboard */,
				D02F19681FA372720025B315 /* Info.plist */,
			);
			path = postjazzy;
			sourceTree = "<group>";
		};
		D02F196E1FA372A10025B315 /* Models */ = {
			isa = PBXGroup;
			children = (
				D02F196F1FA372B60025B315 /* Usuario.swift */,
			);
			path = Models;
			sourceTree = "<group>";
		};
/* End PBXGroup section */

/* Begin PBXNativeTarget section */
		D02F19581FA372720025B315 /* postjazzy */ = {
			isa = PBXNativeTarget;
			buildConfigurationList = D02F196B1FA372720025B315 /* Build configuration list for PBXNativeTarget "postjazzy" */;
			buildPhases = (
				D02F19551FA372720025B315 /* Sources */,
				D02F19561FA372720025B315 /* Frameworks */,
				D02F19571FA372720025B315 /* Resources */,
			);
			buildRules = (
			);
			dependencies = (
			);
			name = postjazzy;
			productName = postjazzy;
			productReference = D02F19591FA372720025B315 /* postjazzy.app */;
			productType = "com.apple.product-type.application";
		};
/* End PBXNativeTarget section */

/* Begin PBXProject section */
		D02F19511FA372720025B315 /* Project object */ = {
			isa = PBXProject;
			attributes = {
				LastSwiftUpdateCheck = 0900;
				LastUpgradeCheck = 0900;
				ORGANIZATIONNAME = "Michel Anderson Lutz Teixeira";
				TargetAttributes = {
					D02F19581FA372720025B315 = {
						CreatedOnToolsVersion = 9.0.1;
						ProvisioningStyle = Automatic;
					};
				};
			};
			buildConfigurationList = D02F19541FA372720025B315 /* Build configuration list for PBXProject "postjazzy" */;
			compatibilityVersion = "Xcode 8.0";
			developmentRegion = en;
			hasScannedForEncodings = 0;
			knownRegions = (
				en,
				Base,
			);
			mainGroup = D02F19501FA372720025B315;
			productRefGroup = D02F195A1FA372720025B315 /* Products */;
			projectDirPath = "";
			projectRoot = "";
			targets = (
				D02F19581FA372720025B315 /* postjazzy */,
			);
		};
/* End PBXProject section */

/* Begin PBXResourcesBuildPhase section */
		D02F19571FA372720025B315 /* Resources */ = {
			isa = PBXResourcesBuildPhase;
			buildActionMask = 2147483647;
			files = (
				D02F19671FA372720025B315 /* LaunchScreen.storyboard in Resources */,
				D02F19641FA372720025B315 /* Assets.xcassets in Resources */,
				D02F19621FA372720025B315 /* Main.storyboard in Resources */,
			);
			runOnlyForDeploymentPostprocessing = 0;
		};
/* End PBXResourcesBuildPhase section */

/* Begin PBXSourcesBuildPhase section */
		D02F19551FA372720025B315 /* Sources */ = {
			isa = PBXSourcesBuildPhase;
			buildActionMask = 2147483647;
			files = (
				D02F195F1FA372720025B315 /* ViewController.swift in Sources */,
				D02F195D1FA372720025B315 /* AppDelegate.swift in Sources */,
				D02F19701FA372B60025B315 /* Usuario.swift in Sources */,
			);
			runOnlyForDeploymentPostprocessing = 0;
		};
/* End PBXSourcesBuildPhase section */

/* Begin PBXVariantGroup section */
		D02F19601FA372720025B315 /* Main.storyboard */ = {
			isa = PBXVariantGroup;
			children = (
				D02F19611FA372720025B315 /* Base */,
			);
			name = Main.storyboard;
			sourceTree = "<group>";
		};
		D02F19651FA372720025B315 /* LaunchScreen.storyboard */ = {
			isa = PBXVariantGroup;
			children = (
				D02F19661FA372720025B315 /* Base */,
			);
			name = LaunchScreen.storyboard;
			sourceTree = "<group>";
		};
/* End PBXVariantGroup section */

/* Begin XCBuildConfiguration section */
		D02F19691FA372720025B315 /* Debug */ = {
			isa = XCBuildConfiguration;
			buildSettings = {
				ALWAYS_SEARCH_USER_PATHS = NO;
				CLANG_ANALYZER_NONNULL = YES;
				CLANG_ANALYZER_NUMBER_OBJECT_CONVERSION = YES_AGGRESSIVE;
				CLANG_CXX_LANGUAGE_STANDARD = "gnu++14";
				CLANG_CXX_LIBRARY = "libc++";
				CLANG_ENABLE_MODULES = YES;
				CLANG_ENABLE_OBJC_ARC = YES;
				CLANG_WARN_BLOCK_CAPTURE_AUTORELEASING = YES;
				CLANG_WARN_BOOL_CONVERSION = YES;
				CLANG_WARN_COMMA = YES;
				CLANG_WARN_CONSTANT_CONVERSION = YES;
				CLANG_WARN_DIRECT_OBJC_ISA_USAGE = YES_ERROR;
				CLANG_WARN_DOCUMENTATION_COMMENTS = YES;
				CLANG_WARN_EMPTY_BODY = YES;
				CLANG_WARN_ENUM_CONVERSION = YES;
				CLANG_WARN_INFINITE_RECURSION = YES;
				CLANG_WARN_INT_CONVERSION = YES;
				CLANG_WARN_NON_LITERAL_NULL_CONVERSION = YES;
				CLANG_WARN_OBJC_LITERAL_CONVERSION = YES;
				CLANG_WARN_OBJC_ROOT_CLASS = YES_ERROR;
				CLANG_WARN_RANGE_LOOP_ANALYSIS = YES;
				CLANG_WARN_STRICT_PROTOTYPES = YES;
				CLANG_WARN_SUSPICIOUS_MOVE = YES;
				CLANG_WARN_UNGUARDED_AVAILABILITY = YES_AGGRESSIVE;
				CLANG_WARN_UNREACHABLE_CODE = YES;
				CLANG_WARN__DUPLICATE_METHOD_MATCH = YES;
				CODE_SIGN_IDENTITY = "iPhone Developer";
				COPY_PHASE_STRIP = NO;
				DEBUG_INFORMATION_FORMAT = dwarf;
				ENABLE_STRICT_OBJC_MSGSEND = YES;
				ENABLE_TESTABILITY = YES;
				GCC_C_LANGUAGE_STANDARD = gnu11;
				GCC_DYNAMIC_NO_PIC = NO;
				GCC_NO_COMMON_BLOCKS = YES;
				GCC_OPTIMIZATION_LEVEL = 0;
				GCC_PREPROCESSOR_DEFINITIONS = (
					"DEBUG=1",
					"$(inherited)",
				);
				GCC_WARN_64_TO_32_BIT_CONVERSION = YES;
				GCC_WARN_ABOUT_RETURN_TYPE = YES_ERROR;
				GCC_WARN_UNDECLARED_SELECTOR = YES;
				GCC_WARN_UNINITIALIZED_AUTOS = YES_AGGRESSIVE;
				GCC_WARN_UNUSED_FUNCTION = YES;
				GCC_WARN_UNUSED_VARIABLE = YES;
				IPHONEOS_DEPLOYMENT_TARGET = 11.0;
				MTL_ENABLE_DEBUG_INFO = YES;
				ONLY_ACTIVE_ARCH = YES;
				SDKROOT = iphoneos;
				SWIFT_ACTIVE_COMPILATION_CONDITIONS = DEBUG;
				SWIFT_OPTIMIZATION_LEVEL = "-Onone";
			};
			name = Debug;
		};
		D02F196A1FA372720025B315 /* Release */ = {
			isa = XCBuildConfiguration;
			buildSettings = {
				ALWAYS_SEARCH_USER_PATHS = NO;
				CLANG_ANALYZER_NONNULL = YES;
				CLANG_ANALYZER_NUMBER_OBJECT_CONVERSION = YES_AGGRESSIVE;
				CLANG_CXX_LANGUAGE_STANDARD = "gnu++14";
				CLANG_CXX_LIBRARY = "libc++";
				CLANG_ENABLE_MODULES = YES;
				CLANG_ENABLE_OBJC_ARC = YES;
				CLANG_WARN_BLOCK_CAPTURE_AUTORELEASING = YES;
				CLANG_WARN_BOOL_CONVERSION = YES;
				CLANG_WARN_COMMA = YES;
				CLANG_WARN_CONSTANT_CONVERSION = YES;
				CLANG_WARN_DIRECT_OBJC_ISA_USAGE = YES_ERROR;
				CLANG_WARN_DOCUMENTATION_COMMENTS = YES;
				CLANG_WARN_EMPTY_BODY = YES;
				CLANG_WARN_ENUM_CONVERSION = YES;
				CLANG_WARN_INFINITE_RECURSION = YES;
				CLANG_WARN_INT_CONVERSION = YES;
				CLANG_WARN_NON_LITERAL_NULL_CONVERSION = YES;
				CLANG_WARN_OBJC_LITERAL_CONVERSION = YES;
				CLANG_WARN_OBJC_ROOT_CLASS = YES_ERROR;
				CLANG_WARN_RANGE_LOOP_ANALYSIS = YES;
				CLANG_WARN_STRICT_PROTOTYPES = YES;
				CLANG_WARN_SUSPICIOUS_MOVE = YES;
				CLANG_WARN_UNGUARDED_AVAILABILITY = YES_AGGRESSIVE;
				CLANG_WARN_UNREACHABLE_CODE = YES;
				CLANG_WARN__DUPLICATE_METHOD_MATCH = YES;
				CODE_SIGN_IDENTITY = "iPhone Developer";
				COPY_PHASE_STRIP = NO;
				DEBUG_INFORMATION_FORMAT = "dwarf-with-dsym";
				ENABLE_NS_ASSERTIONS = NO;
				ENABLE_STRICT_OBJC_MSGSEND = YES;
				GCC_C_LANGUAGE_STANDARD = gnu11;
				GCC_NO_COMMON_BLOCKS = YES;
				GCC_WARN_64_TO_32_BIT_CONVERSION = YES;
				GCC_WARN_ABOUT_RETURN_TYPE = YES_ERROR;
				GCC_WARN_UNDECLARED_SELECTOR = YES;
				GCC_WARN_UNINITIALIZED_AUTOS = YES_AGGRESSIVE;
				GCC_WARN_UNUSED_FUNCTION = YES;
				GCC_WARN_UNUSED_VARIABLE = YES;
				IPHONEOS_DEPLOYMENT_TARGET = 11.0;
				MTL_ENABLE_DEBUG_INFO = NO;
				SDKROOT = iphoneos;
				SWIFT_OPTIMIZATION_LEVEL = "-Owholemodule";
				VALIDATE_PRODUCT = YES;
			};
			name = Release;
		};
		D02F196C1FA372720025B315 /* Debug */ = {
			isa = XCBuildConfiguration;
			buildSettings = {
				ASSETCATALOG_COMPILER_APPICON_NAME = AppIcon;
				CODE_SIGN_STYLE = Automatic;
				INFOPLIST_FILE = postjazzy/Info.plist;
				LD_RUNPATH_SEARCH_PATHS = "$(inherited) @executable_path/Frameworks";
				PRODUCT_BUNDLE_IDENTIFIER = com.mastersmx.postjazzy;
				PRODUCT_NAME = "$(TARGET_NAME)";
				SWIFT_VERSION = 4.0;
				TARGETED_DEVICE_FAMILY = "1,2";
			};
			name = Debug;
		};
		D02F196D1FA372720025B315 /* Release */ = {
			isa = XCBuildConfiguration;
			buildSettings = {
				ASSETCATALOG_COMPILER_APPICON_NAME = AppIcon;
				CODE_SIGN_STYLE = Automatic;
				INFOPLIST_FILE = postjazzy/Info.plist;
				LD_RUNPATH_SEARCH_PATHS = "$(inherited) @executable_path/Frameworks";
				PRODUCT_BUNDLE_IDENTIFIER = com.mastersmx.postjazzy;
				PRODUCT_NAME = "$(TARGET_NAME)";
				SWIFT_VERSION = 4.0;
				TARGETED_DEVICE_FAMILY = "1,2";
			};
			name = Release;
		};
/* End XCBuildConfiguration section */

/* Begin XCConfigurationList section */
		D02F19541FA372720025B315 /* Build configuration list for PBXProject "postjazzy" */ = {
			isa = XCConfigurationList;
			buildConfigurations = (
				D02F19691FA372720025B315 /* Debug */,
				D02F196A1FA372720025B315 /* Release */,
			);
			defaultConfigurationIsVisible = 0;
			defaultConfigurationName = Release;
		};
		D02F196B1FA372720025B315 /* Build configuration list for PBXNativeTarget "postjazzy" */ = {
			isa = XCConfigurationList;
			buildConfigurations = (
				D02F196C1FA372720025B315 /* Debug */,
				D02F196D1FA372720025B315 /* Release */,
			);
			defaultConfigurationIsVisible = 0;
			defaultConfigurationName = Release;
		};
/* End XCConfigurationList section */
	};
	rootObject = D02F19511FA372720025B315 /* Project object */;
}
